# This file is automatically @generated by Cargo.
# It is not intended for manual editing.
version = 4

[[package]]
name = "aho-corasick"
version = "1.1.4"
source = "registry+https://github.com/rust-lang/crates.io-index"
checksum = "ddd31a130427c27518df266943a5308ed92d4b226cc639f5a8f1002816174301"
dependencies = [
 "memchr",
]

[[package]]
name = "arvo"
version = "0.1.0"
source = "git+ssh://git@github.com/orgrinrt/arvo.git?branch=dev#983b7492ddf6b4191b124874116387a7f4ae6874"
dependencies = [
 "arvo-bits",
 "arvo-bits-contracts",
 "arvo-numeric-contracts",
 "arvo-storage",
 "arvo-strategy",
 "arvo-transparent",
 "mockspace 0.1.0 (git+ssh://git@github.com/hiisi-digital/mockspace.git?branch=dev)",
 "notko",
]

[[package]]
name = "arvo-bitmask"
version = "0.1.0"
source = "git+ssh://git@github.com/orgrinrt/arvo.git?branch=dev#983b7492ddf6b4191b124874116387a7f4ae6874"
dependencies = [
 "arvo",
 "arvo-bits",
 "arvo-bits-contracts",
 "arvo-mask-contracts",
 "arvo-tensor",
 "mockspace 0.1.0 (git+ssh://git@github.com/hiisi-digital/mockspace.git?branch=dev)",
]

[[package]]
name = "arvo-bits"
version = "0.1.0"
source = "git+ssh://git@github.com/orgrinrt/arvo.git?branch=dev#983b7492ddf6b4191b124874116387a7f4ae6874"
dependencies = [
 "arvo-bits-contracts",
 "arvo-storage",
 "arvo-strategy",
 "mockspace 0.1.0 (git+ssh://git@github.com/hiisi-digital/mockspace.git?branch=dev)",
]

[[package]]
name = "arvo-bits-contracts"
version = "0.1.0"
source = "git+ssh://git@github.com/orgrinrt/arvo.git?branch=dev#983b7492ddf6b4191b124874116387a7f4ae6874"
dependencies = [
 "arvo-storage",
 "arvo-strategy",
 "arvo-transparent",
 "mockspace 0.1.0 (git+ssh://git@github.com/hiisi-digital/mockspace.git?branch=dev)",
 "notko",
]

[[package]]
name = "arvo-graph"
version = "0.1.0"
source = "git+ssh://git@github.com/orgrinrt/arvo.git?branch=dev#983b7492ddf6b4191b124874116387a7f4ae6874"
dependencies = [
 "arvo",
 "arvo-bitmask",
 "arvo-bits-contracts",
 "arvo-tensor",
 "mockspace 0.1.0 (git+ssh://git@github.com/hiisi-digital/mockspace.git?branch=dev)",
]

[[package]]
name = "arvo-hash"
version = "0.1.0"
source = "git+ssh://git@github.com/orgrinrt/arvo.git?branch=dev#983b7492ddf6b4191b124874116387a7f4ae6874"
dependencies = [
 "arvo",
 "arvo-bits-contracts",
 "mockspace 0.1.0 (git+ssh://git@github.com/hiisi-digital/mockspace.git?branch=dev)",
 "xxhash-rust",
]

[[package]]
name = "arvo-mask-contracts"
version = "0.1.0"
source = "git+ssh://git@github.com/orgrinrt/arvo.git?branch=dev#983b7492ddf6b4191b124874116387a7f4ae6874"
dependencies = [
 "arvo-bits-contracts",
 "arvo-storage",
 "arvo-strategy",
 "mockspace 0.1.0 (git+ssh://git@github.com/hiisi-digital/mockspace.git?branch=dev)",
 "notko",
]

[[package]]
name = "arvo-numeric-contracts"
version = "0.1.0"
source = "git+ssh://git@github.com/orgrinrt/arvo.git?branch=dev#983b7492ddf6b4191b124874116387a7f4ae6874"
dependencies = [
 "arvo-bits-contracts",
 "arvo-storage",
 "arvo-strategy",
 "arvo-transparent",
 "mockspace 0.1.0 (git+ssh://git@github.com/hiisi-digital/mockspace.git?branch=dev)",
 "notko",
]

[[package]]
name = "arvo-refit"
version = "0.1.0"
source = "git+ssh://git@github.com/orgrinrt/arvo.git?branch=dev#983b7492ddf6b4191b124874116387a7f4ae6874"
dependencies = [
 "arvo-bitmask",
 "arvo-bits-contracts",
 "arvo-mask-contracts",
 "arvo-storage",
 "mockspace 0.1.0 (git+ssh://git@github.com/hiisi-digital/mockspace.git?branch=dev)",
 "notko",
]

[[package]]
name = "arvo-storage"
version = "0.1.0"
source = "git+ssh://git@github.com/orgrinrt/arvo.git?branch=dev#983b7492ddf6b4191b124874116387a7f4ae6874"
dependencies = [
 "arvo-strategy",
 "arvo-transparent",
 "mockspace 0.1.0 (git+ssh://git@github.com/hiisi-digital/mockspace.git?branch=dev)",
 "notko",
]

[[package]]
name = "arvo-strategy"
version = "0.1.0"
source = "git+ssh://git@github.com/orgrinrt/arvo.git?branch=dev#983b7492ddf6b4191b124874116387a7f4ae6874"
dependencies = [
 "arvo-transparent",
 "mockspace 0.1.0 (git+ssh://git@github.com/hiisi-digital/mockspace.git?branch=dev)",
 "notko",
]

[[package]]
name = "arvo-tensor"
version = "0.1.0"
source = "git+ssh://git@github.com/orgrinrt/arvo.git?branch=dev#983b7492ddf6b4191b124874116387a7f4ae6874"
dependencies = [
 "arvo",
 "mockspace 0.1.0 (git+ssh://git@github.com/hiisi-digital/mockspace.git?branch=dev)",
]

[[package]]
name = "arvo-transparent"
version = "0.1.0"
source = "git+ssh://git@github.com/orgrinrt/arvo.git?branch=dev#983b7492ddf6b4191b124874116387a7f4ae6874"
dependencies = [
 "mockspace 0.1.0 (git+ssh://git@github.com/hiisi-digital/mockspace.git?branch=dev)",
 "notko",
]

[[package]]
name = "cc"
version = "1.2.60"
source = "registry+https://github.com/rust-lang/crates.io-index"
checksum = "43c5703da9466b66a946814e1adf53ea2c90f10063b86290cc9eb67ce3478a20"
dependencies = [
 "find-msvc-tools",
 "shlex",
]

[[package]]
name = "cfg-if"
version = "1.0.4"
source = "registry+https://github.com/rust-lang/crates.io-index"
checksum = "9330f8b2ff13f34540b44e946ef35111825727b38d33286ef986142615121801"

[[package]]
name = "equivalent"
version = "1.0.2"
source = "registry+https://github.com/rust-lang/crates.io-index"
checksum = "877a4ace8713b0bcf2a4e7eec82529c029f1d0619886d18145fea96c3ffe5c0f"

[[package]]
name = "find-msvc-tools"
version = "0.1.9"
source = "registry+https://github.com/rust-lang/crates.io-index"
checksum = "5baebc0774151f905a1a2cc41989300b1e6fbb29aff0ceffa1064fdd3088d582"

[[package]]
name = "hashbrown"
version = "0.17.0"
source = "registry+https://github.com/rust-lang/crates.io-index"
checksum = "4f467dd6dccf739c208452f8014c75c18bb8301b050ad1cfb27153803edb0f51"

[[package]]
name = "hilavitkutin-api"
version = "0.1.0"
source = "git+ssh://git@github.com/orgrinrt/hilavitkutin.git?branch=dev#3c0d0d5d02f5fd5e60575ea74e8037db30b2daa6"
dependencies = [
 "arvo",
 "arvo-bitmask",
 "hilavitkutin-ctx",
 "mockspace 0.1.0 (git+ssh://git@github.com/hiisi-digital/mockspace.git?branch=main)",
 "notko",
]

[[package]]
name = "hilavitkutin-ctx"
version = "0.1.0"
source = "git+ssh://git@github.com/orgrinrt/hilavitkutin.git?branch=dev#3c0d0d5d02f5fd5e60575ea74e8037db30b2daa6"

[[package]]
name = "hilavitkutin-str"
version = "0.1.0"
source = "git+ssh://git@github.com/orgrinrt/hilavitkutin.git?branch=dev#3c0d0d5d02f5fd5e60575ea74e8037db30b2daa6"
dependencies = [
 "arvo",
 "arvo-bits",
 "arvo-refit",
 "notko",
]

[[package]]
name = "indexmap"
version = "2.14.0"
source = "registry+https://github.com/rust-lang/crates.io-index"
checksum = "d466e9454f08e4a911e14806c24e16fba1b4c121d1ea474396f396069cf949d9"
dependencies = [
 "equivalent",
 "hashbrown",
]

[[package]]
name = "libloading"
version = "0.8.9"
source = "registry+https://github.com/rust-lang/crates.io-index"
checksum = "d7c4b02199fee7c5d21a5ae7d8cfa79a6ef5bb2fc834d6e9058e89c825efdc55"
dependencies = [
 "cfg-if",
 "windows-link",
]

[[package]]
name = "memchr"
version = "2.8.0"
source = "registry+https://github.com/rust-lang/crates.io-index"
checksum = "f8ca58f447f06ed17d5fc4043ce1b10dd205e060fb3ce5b979b8ed8e59ff3f79"

[[package]]
name = "mockspace"
version = "0.1.0"
source = "git+ssh://git@github.com/hiisi-digital/mockspace.git?branch=dev#98031e439bc0a5eeb658065b2b54cac80b7b644d"
dependencies = [
 "libloading",
 "mockspace-lint-rules 0.1.0 (git+ssh://git@github.com/hiisi-digital/mockspace.git?branch=dev)",
 "mockspace-manifest",
 "serde",
 "toml_edit",
 "tree-sitter",
 "tree-sitter-rust",
]

[[package]]
name = "mockspace"
version = "0.1.0"
source = "git+ssh://git@github.com/hiisi-digital/mockspace.git?branch=main#0d2f5cf25b60aa7cce214ce72f883720044ef143"
dependencies = [
 "libloading",
 "mockspace-lint-rules 0.1.0 (git+ssh://git@github.com/hiisi-digital/mockspace.git?branch=main)",
 "serde",
 "toml_edit",
 "tree-sitter",
 "tree-sitter-rust",
]

[[package]]
name = "mockspace-lint-rules"
version = "0.1.0"
source = "git+ssh://git@github.com/hiisi-digital/mockspace.git?branch=dev#98031e439bc0a5eeb658065b2b54cac80b7b644d"
dependencies = [
 "tree-sitter",
 "tree-sitter-rust",
]

[[package]]
name = "mockspace-lint-rules"
version = "0.1.0"
source = "git+ssh://git@github.com/hiisi-digital/mockspace.git?branch=main#0d2f5cf25b60aa7cce214ce72f883720044ef143"
dependencies = [
 "tree-sitter",
 "tree-sitter-rust",
]

[[package]]
name = "mockspace-manifest"
version = "0.1.0"
source = "git+ssh://git@github.com/hiisi-digital/mockspace.git?branch=dev#98031e439bc0a5eeb658065b2b54cac80b7b644d"
dependencies = [
 "serde",
 "toml",
]

[[package]]
name = "notko"
version = "0.1.0"
source = "git+ssh://git@github.com/orgrinrt/notko.git?branch=dev#0278f2a84a8b854416a317db0eb3691fc5efaaa9"

[[package]]
name = "proc-macro2"
version = "1.0.106"
source = "registry+https://github.com/rust-lang/crates.io-index"
checksum = "8fd00f0bb2e90d81d1044c2b32617f68fcb9fa3bb7640c23e9c748e53fb30934"
dependencies = [
 "unicode-ident",
]

[[package]]
name = "quote"
version = "1.0.45"
source = "registry+https://github.com/rust-lang/crates.io-index"
checksum = "41f2619966050689382d2b44f664f4bc593e129785a36d6ee376ddf37259b924"
dependencies = [
 "proc-macro2",
]

[[package]]
name = "regex"
version = "1.12.3"
source = "registry+https://github.com/rust-lang/crates.io-index"
checksum = "e10754a14b9137dd7b1e3e5b0493cc9171fdd105e0ab477f51b72e7f3ac0e276"
dependencies = [
 "aho-corasick",
 "memchr",
 "regex-automata",
 "regex-syntax",
]

[[package]]
name = "regex-automata"
version = "0.4.14"
source = "registry+https://github.com/rust-lang/crates.io-index"
checksum = "6e1dd4122fc1595e8162618945476892eefca7b88c52820e74af6262213cae8f"
dependencies = [
 "aho-corasick",
 "memchr",
 "regex-syntax",
]

[[package]]
name = "regex-syntax"
version = "0.8.10"
source = "registry+https://github.com/rust-lang/crates.io-index"
checksum = "dc897dd8d9e8bd1ed8cdad82b5966c3e0ecae09fb1907d58efaa013543185d0a"

[[package]]
name = "serde"
version = "1.0.228"
source = "registry+https://github.com/rust-lang/crates.io-index"
checksum = "9a8e94ea7f378bd32cbbd37198a4a91436180c5bb472411e48b5ec2e2124ae9e"
dependencies = [
 "serde_core",
 "serde_derive",
]

[[package]]
name = "serde_core"
version = "1.0.228"
source = "registry+https://github.com/rust-lang/crates.io-index"
checksum = "41d385c7d4ca58e59fc732af25c3983b67ac852c1a25000afe1175de458b67ad"
dependencies = [
 "serde_derive",
]

[[package]]
name = "serde_derive"
version = "1.0.228"
source = "registry+https://github.com/rust-lang/crates.io-index"
checksum = "d540f220d3187173da220f885ab66608367b6574e925011a9353e4badda91d79"
dependencies = [
 "proc-macro2",
 "quote",
 "syn",
]

[[package]]
name = "serde_spanned"
version = "0.6.9"
source = "registry+https://github.com/rust-lang/crates.io-index"
checksum = "bf41e0cfaf7226dca15e8197172c295a782857fcb97fad1808a166870dee75a3"
dependencies = [
 "serde",
]

[[package]]
name = "shlex"
version = "1.3.0"
source = "registry+https://github.com/rust-lang/crates.io-index"
checksum = "0fda2ff0d084019ba4d7c6f371c95d8fd75ce3524c3cb8fb653a3023f6323e64"

[[package]]
name = "streaming-iterator"
version = "0.1.9"
source = "registry+https://github.com/rust-lang/crates.io-index"
checksum = "2b2231b7c3057d5e4ad0156fb3dc807d900806020c5ffa3ee6ff2c8c76fb8520"

[[package]]
name = "syn"
version = "2.0.117"
source = "registry+https://github.com/rust-lang/crates.io-index"
checksum = "e665b8803e7b1d2a727f4023456bbbbe74da67099c585258af0ad9c5013b9b99"
dependencies = [
 "proc-macro2",
 "quote",
 "unicode-ident",
]

[[package]]
name = "toml"
version = "0.8.23"
source = "registry+https://github.com/rust-lang/crates.io-index"
checksum = "dc1beb996b9d83529a9e75c17a1686767d148d70663143c7854d8b4a09ced362"
dependencies = [
 "serde",
 "serde_spanned",
 "toml_datetime",
 "toml_edit",
]

[[package]]
name = "toml_datetime"
version = "0.6.11"
source = "registry+https://github.com/rust-lang/crates.io-index"
checksum = "22cddaf88f4fbc13c51aebbf5f8eceb5c7c5a9da2ac40a13519eb5b0a0e8f11c"
dependencies = [
 "serde",
]

[[package]]
name = "toml_edit"
version = "0.22.27"
source = "registry+https://github.com/rust-lang/crates.io-index"
checksum = "41fe8c660ae4257887cf66394862d21dbca4a6ddd26f04a3560410406a2f819a"
dependencies = [
 "indexmap",
 "serde",
 "serde_spanned",
 "toml_datetime",
 "toml_write",
 "winnow",
]

[[package]]
name = "toml_write"
version = "0.1.2"
source = "registry+https://github.com/rust-lang/crates.io-index"
checksum = "5d99f8c9a7727884afe522e9bd5edbfc91a3312b36a77b5fb8926e4c31a41801"

[[package]]
name = "tree-sitter"
version = "0.24.7"
source = "registry+https://github.com/rust-lang/crates.io-index"
checksum = "a5387dffa7ffc7d2dae12b50c6f7aab8ff79d6210147c6613561fc3d474c6f75"
dependencies = [
 "cc",
 "regex",
 "regex-syntax",
 "streaming-iterator",
 "tree-sitter-language",
]

[[package]]
name = "tree-sitter-language"
version = "0.1.7"
source = "registry+https://github.com/rust-lang/crates.io-index"
checksum = "009994f150cc0cd50ff54917d5bc8bffe8cad10ca10d81c34da2ec421ae61782"

[[package]]
name = "tree-sitter-rust"
version = "0.23.3"
source = "registry+https://github.com/rust-lang/crates.io-index"
checksum = "ca8ccb3e3a3495c8a943f6c3fd24c3804c471fd7f4f16087623c7fa4c0068e8a"
dependencies = [
 "cc",
 "tree-sitter-language",
]

[[package]]
name = "unicode-ident"
version = "1.0.24"
source = "registry+https://github.com/rust-lang/crates.io-index"
checksum = "e6e4313cd5fcd3dad5cafa179702e2b244f760991f45397d14d4ebf38247da75"

[[package]]
name = "vehje"
version = "0.1.0"
dependencies = [
 "arvo",
 "arvo-bits",
 "hilavitkutin-api",
 "hilavitkutin-str",
 "mockspace 0.1.0 (git+ssh://git@github.com/hiisi-digital/mockspace.git?branch=main)",
 "notko",
 "vehje-codegen",
 "vehje-ir",
 "vehje-lower",
 "vehje-resolve",
 "vehje-runtime-driver",
 "vehje-runtime-gen",
 "vehje-signature",
 "vehje-typecheck",
]

[[package]]
name = "vehje-codegen"
version = "0.1.0"
dependencies = [
 "arvo",
 "hilavitkutin-api",
 "mockspace 0.1.0 (git+ssh://git@github.com/hiisi-digital/mockspace.git?branch=main)",
 "notko",
 "vehje-ir",
 "vehje-typecheck",
]

[[package]]
name = "vehje-fixpoint"
version = "0.1.0"
dependencies = [
 "arvo",
 "arvo-bitmask",
 "arvo-graph",
 "arvo-hash",
 "hilavitkutin-api",
 "mockspace 0.1.0 (git+ssh://git@github.com/hiisi-digital/mockspace.git?branch=main)",
 "notko",
]

[[package]]
name = "vehje-ir"
version = "0.1.0"
dependencies = [
 "arvo",
 "arvo-bitmask",
 "arvo-bits",
 "arvo-hash",
 "hilavitkutin-api",
 "hilavitkutin-str",
 "mockspace 0.1.0 (git+ssh://git@github.com/hiisi-digital/mockspace.git?branch=main)",
 "notko",
]

[[package]]
name = "vehje-lower"
version = "0.1.0"
dependencies = [
 "arvo",
 "mockspace 0.1.0 (git+ssh://git@github.com/hiisi-digital/mockspace.git?branch=main)",
 "notko",
 "vehje-fixpoint",
 "vehje-ir",
]

[[package]]
name = "vehje-resolve"
version = "0.1.0"
dependencies = [
 "arvo",
 "arvo-bits",
 "hilavitkutin-str",
 "mockspace 0.1.0 (git+ssh://git@github.com/hiisi-digital/mockspace.git?branch=main)",
 "notko",
 "vehje-ir",
]

[[package]]
name = "vehje-runtime-abi"
version = "0.1.0"
dependencies = [
 "arvo",
 "arvo-bits",
 "hilavitkutin-str",
 "mockspace 0.1.0 (git+ssh://git@github.com/hiisi-digital/mockspace.git?branch=main)",
 "vehje-ir",
]

[[package]]
name = "vehje-runtime-driver"
version = "0.1.0"
dependencies = [
 "hilavitkutin-api",
 "mockspace 0.1.0 (git+ssh://git@github.com/hiisi-digital/mockspace.git?branch=main)",
 "notko",
 "vehje-ir",
 "vehje-runtime-abi",
 "vehje-schedule",
]

[[package]]
name = "vehje-runtime-gen"
version = "0.1.0"
dependencies = [
 "arvo",
 "arvo-bits",
 "arvo-hash",
 "mockspace 0.1.0 (git+ssh://git@github.com/hiisi-digital/mockspace.git?branch=main)",
 "notko",
 "vehje-ir",
 "vehje-signature",
]

[[package]]
name = "vehje-schedule"
version = "0.1.0"
dependencies = [
 "arvo",
 "arvo-bitmask",
 "arvo-graph",
 "mockspace 0.1.0 (git+ssh://git@github.com/hiisi-digital/mockspace.git?branch=main)",
 "vehje-ir",
]

[[package]]
name = "vehje-signature"
version = "0.1.0"
dependencies = [
 "arvo",
 "hilavitkutin-api",
 "mockspace 0.1.0 (git+ssh://git@github.com/hiisi-digital/mockspace.git?branch=main)",
 "notko",
 "vehje-ir",
]

[[package]]
name = "vehje-typecheck"
version = "0.1.0"
dependencies = [
 "arvo",
 "arvo-bitmask",
 "hilavitkutin-api",
 "mockspace 0.1.0 (git+ssh://git@github.com/hiisi-digital/mockspace.git?branch=main)",
 "notko",
 "vehje-fixpoint",
 "vehje-ir",
 "vehje-resolve",
 "vehje-signature",
]

[[package]]
name = "windows-link"
version = "0.2.1"
source = "registry+https://github.com/rust-lang/crates.io-index"
checksum = "f0805222e57f7521d6a62e36fa9163bc891acd422f971defe97d64e70d0a4fe5"

[[package]]
name = "winnow"
version = "0.7.15"
source = "registry+https://github.com/rust-lang/crates.io-index"
checksum = "df79d97927682d2fd8adb29682d1140b343be4ac0f08fd68b7765d9c059d3945"
dependencies = [
 "memchr",
]

[[package]]
name = "xxhash-rust"
version = "0.8.18"
source = "registry+https://github.com/rust-lang/crates.io-index"
checksum = "aee1b19627c7c60102ab80d3a9cbe18de90bfe03bfa6c3715447681f0e8c8af6"
